// !$*UTF8*$!
{
	archiveVersion = 1;
	classes = {
	};
	objectVersion = 55;
	objects = {

/* Begin PBXBuildFile section */
		046011DA27C63977001612D4 /* AppDelegate.swift in Sources */ = {isa = PBXBuildFile; fileRef = 046011D927C63977001612D4 /* AppDelegate.swift */; };
		046011DC27C63977001612D4 /* SceneDelegate.swift in Sources */ = {isa = PBXBuildFile; fileRef = 046011DB27C63977001612D4 /* SceneDelegate.swift */; };
		046011E327C63978001612D4 /* Assets.xcassets in Resources */ = {isa = PBXBuildFile; fileRef = 046011E227C63978001612D4 /* Assets.xcassets */; };
		046011E627C63978001612D4 /* LaunchScreen.storyboard in Resources */ = {isa = PBXBuildFile; fileRef = 046011E427C63978001612D4 /* LaunchScreen.storyboard */; };
		046011EF27C639E1001612D4 /* RxCocoa in Frameworks */ = {isa = PBXBuildFile; productRef = 046011EE27C639E1001612D4 /* RxCocoa */; };
		046011F127C639E1001612D4 /* RxRelay in Frameworks */ = {isa = PBXBuildFile; productRef = 046011F027C639E1001612D4 /* RxRelay */; };
		046011F327C639E1001612D4 /* RxSwift in Frameworks */ = {isa = PBXBuildFile; productRef = 046011F227C639E1001612D4 /* RxSwift */; };
		046011F627C63A39001612D4 /* SnapKit in Frameworks */ = {isa = PBXBuildFile; productRef = 046011F527C63A39001612D4 /* SnapKit */; };
		046011F827C63A62001612D4 /* MainViewController.swift in Sources */ = {isa = PBXBuildFile; fileRef = 046011F727C63A62001612D4 /* MainViewController.swift */; };
		046011FA27C63B8B001612D4 /* MainViewModel.swift in Sources */ = {isa = PBXBuildFile; fileRef = 046011F927C63B8B001612D4 /* MainViewModel.swift */; };
		046011FD27C63E6F001612D4 /* TitleTextFieldCell.swift in Sources */ = {isa = PBXBuildFile; fileRef = 046011FC27C63E6F001612D4 /* TitleTextFieldCell.swift */; };
		046011FF27C63E84001612D4 /* TitleTextFieldViewModel.swift in Sources */ = {isa = PBXBuildFile; fileRef = 046011FE27C63E84001612D4 /* TitleTextFieldViewModel.swift */; };
		0460120227C6418F001612D4 /* Category.swift in Sources */ = {isa = PBXBuildFile; fileRef = 0460120127C6418F001612D4 /* Category.swift */; };
		0460120527C64245001612D4 /* CategoryViewModel.swift in Sources */ = {isa = PBXBuildFile; fileRef = 0460120427C64245001612D4 /* CategoryViewModel.swift */; };
		0460120927C644E9001612D4 /* CategoryListViewController.swift in Sources */ = {isa = PBXBuildFile; fileRef = 0460120827C644E9001612D4 /* CategoryListViewController.swift */; };
		0460120C27C6485E001612D4 /* PriceTextFieldViewModel.swift in Sources */ = {isa = PBXBuildFile; fileRef = 0460120B27C6485E001612D4 /* PriceTextFieldViewModel.swift */; };
		0460120E27C649A7001612D4 /* PriceTextFieldCell.swift in Sources */ = {isa = PBXBuildFile; fileRef = 0460120D27C649A7001612D4 /* PriceTextFieldCell.swift */; };
		0460121027C64F6B001612D4 /* DetailWriteFormCell.swift in Sources */ = {isa = PBXBuildFile; fileRef = 0460120F27C64F6B001612D4 /* DetailWriteFormCell.swift */; };
		0460121227C64F9A001612D4 /* DetailWriteFormCellViewModel.swift in Sources */ = {isa = PBXBuildFile; fileRef = 0460121127C64F9A001612D4 /* DetailWriteFormCellViewModel.swift */; };
		0460121627C65624001612D4 /* MainModel.swift in Sources */ = {isa = PBXBuildFile; fileRef = 0460121527C65624001612D4 /* MainModel.swift */; };
/* End PBXBuildFile section */

/* Begin PBXFileReference section */
		046011D627C63977001612D4 /* UsedGoodsUpload.app */ = {isa = PBXFileReference; explicitFileType = wrapper.application; includeInIndex = 0; path = UsedGoodsUpload.app; sourceTree = BUILT_PRODUCTS_DIR; };
		046011D927C63977001612D4 /* AppDelegate.swift */ = {isa = PBXFileReference; lastKnownFileType = sourcecode.swift; path = AppDelegate.swift; sourceTree = "<group>"; };
		046011DB27C63977001612D4 /* SceneDelegate.swift */ = {isa = PBXFileReference; lastKnownFileType = sourcecode.swift; path = SceneDelegate.swift; sourceTree = "<group>"; };
		046011E227C63978001612D4 /* Assets.xcassets */ = {isa = PBXFileReference; lastKnownFileType = folder.assetcatalog; path = Assets.xcassets; sourceTree = "<group>"; };
		046011E527C63978001612D4 /* Base */ = {isa = PBXFileReference; lastKnownFileType = file.storyboard; name = Base; path = Base.lproj/LaunchScreen.storyboard; sourceTree = "<group>"; };
		046011E727C63978001612D4 /* Info.plist */ = {isa = PBXFileReference; lastKnownFileType = text.plist.xml; path = Info.plist; sourceTree = "<group>"; };
		046011F727C63A62001612D4 /* MainViewController.swift */ = {isa = PBXFileReference; lastKnownFileType = sourcecode.swift; path = MainViewController.swift; sourceTree = "<group>"; };
		046011F927C63B8B001612D4 /* MainViewModel.swift */ = {isa = PBXFileReference; lastKnownFileType = sourcecode.swift; path = MainViewModel.swift; sourceTree = "<group>"; };
		046011FC27C63E6F001612D4 /* TitleTextFieldCell.swift */ = {isa = PBXFileReference; lastKnownFileType = sourcecode.swift; path = TitleTextFieldCell.swift; sourceTree = "<group>"; };
		046011FE27C63E84001612D4 /* TitleTextFieldViewModel.swift */ = {isa = PBXFileReference; lastKnownFileType = sourcecode.swift; path = TitleTextFieldViewModel.swift; sourceTree = "<group>"; };
		0460120127C6418F001612D4 /* Category.swift */ = {isa = PBXFileReference; lastKnownFileType = sourcecode.swift; path = Category.swift; sourceTree = "<group>"; };
		0460120427C64245001612D4 /* CategoryViewModel.swift */ = {isa = PBXFileReference; lastKnownFileType = sourcecode.swift; path = CategoryViewModel.swift; sourceTree = "<group>"; };
		0460120827C644E9001612D4 /* CategoryListViewController.swift */ = {isa = PBXFileReference; lastKnownFileType = sourcecode.swift; path = CategoryListViewController.swift; sourceTree = "<group>"; };
		0460120B27C6485E001612D4 /* PriceTextFieldViewModel.swift */ = {isa = PBXFileReference; lastKnownFileType = sourcecode.swift; path = PriceTextFieldViewModel.swift; sourceTree = "<group>"; };
		0460120D27C649A7001612D4 /* PriceTextFieldCell.swift */ = {isa = PBXFileReference; lastKnownFileType = sourcecode.swift; path = PriceTextFieldCell.swift; sourceTree = "<group>"; };
		0460120F27C64F6B001612D4 /* DetailWriteFormCell.swift */ = {isa = PBXFileReference; lastKnownFileType = sourcecode.swift; path = DetailWriteFormCell.swift; sourceTree = "<group>"; };
		0460121127C64F9A001612D4 /* DetailWriteFormCellViewModel.swift */ = {isa = PBXFileReference; lastKnownFileType = sourcecode.swift; path = DetailWriteFormCellViewModel.swift; sourceTree = "<group>"; };
		0460121527C65624001612D4 /* MainModel.swift */ = {isa = PBXFileReference; lastKnownFileType = sourcecode.swift; path = MainModel.swift; sourceTree = "<group>"; };
/* End PBXFileReference section */

/* Begin PBXFrameworksBuildPhase section */
		046011D327C63977001612D4 /* Frameworks */ = {
			isa = PBXFrameworksBuildPhase;
			buildActionMask = 2147483647;
			files = (
				046011F327C639E1001612D4 /* RxSwift in Frameworks */,
				046011F627C63A39001612D4 /* SnapKit in Frameworks */,
				046011F127C639E1001612D4 /* RxRelay in Frameworks */,
				046011EF27C639E1001612D4 /* RxCocoa in Frameworks */,
			);
			runOnlyForDeploymentPostprocessing = 0;
		};
/* End PBXFrameworksBuildPhase section */

/* Begin PBXGroup section */
		046011CD27C63977001612D4 = {
			isa = PBXGroup;
			children = (
				046011D827C63977001612D4 /* UsedGoodsUpload */,
				046011D727C63977001612D4 /* Products */,
			);
			sourceTree = "<group>";
		};
		046011D727C63977001612D4 /* Products */ = {
			isa = PBXGroup;
			children = (
				046011D627C63977001612D4 /* UsedGoodsUpload.app */,
			);
			name = Products;
			sourceTree = "<group>";
		};
		046011D827C63977001612D4 /* UsedGoodsUpload */ = {
			isa = PBXGroup;
			children = (
				046011D927C63977001612D4 /* AppDelegate.swift */,
				046011DB27C63977001612D4 /* SceneDelegate.swift */,
				0460120327C64193001612D4 /* Entity */,
				046011FB27C63E5B001612D4 /* MainViewController */,
				046011E227C63978001612D4 /* Assets.xcassets */,
				046011E427C63978001612D4 /* LaunchScreen.storyboard */,
				046011E727C63978001612D4 /* Info.plist */,
			);
			path = UsedGoodsUpload;
			sourceTree = "<group>";
		};
		046011FB27C63E5B001612D4 /* MainViewController */ = {
			isa = PBXGroup;
			children = (
				046011F727C63A62001612D4 /* MainViewController.swift */,
				046011F927C63B8B001612D4 /* MainViewModel.swift */,
				0460121527C65624001612D4 /* MainModel.swift */,
				0460120027C63E87001612D4 /* TitleTextFieldCell */,
				0460120A27C6483E001612D4 /* CategoryViewController */,
				0460121427C64FBB001612D4 /* PriceTextFiledCell */,
				0460121327C64FAB001612D4 /* DetailWriteFormCell */,
			);
			path = MainViewController;
			sourceTree = "<group>";
		};
		0460120027C63E87001612D4 /* TitleTextFieldCell */ = {
			isa = PBXGroup;
			children = (
				046011FC27C63E6F001612D4 /* TitleTextFieldCell.swift */,
				046011FE27C63E84001612D4 /* TitleTextFieldViewModel.swift */,
			);
			path = TitleTextFieldCell;
			sourceTree = "<group>";
		};
		0460120327C64193001612D4 /* Entity */ = {
			isa = PBXGroup;
			children = (
				0460120127C6418F001612D4 /* Category.swift */,
			);
			path = Entity;
			sourceTree = "<group>";
		};
		0460120A27C6483E001612D4 /* CategoryViewController */ = {
			isa = PBXGroup;
			children = (
				0460120427C64245001612D4 /* CategoryViewModel.swift */,
				0460120827C644E9001612D4 /* CategoryListViewController.swift */,
			);
			path = CategoryViewController;
			sourceTree = "<group>";
		};
		0460121327C64FAB001612D4 /* DetailWriteFormCell */ = {
			isa = PBXGroup;
			children = (
				0460120F27C64F6B001612D4 /* DetailWriteFormCell.swift */,
				0460121127C64F9A001612D4 /* DetailWriteFormCellViewModel.swift */,
			);
			path = DetailWriteFormCell;
			sourceTree = "<group>";
		};
		0460121427C64FBB001612D4 /* PriceTextFiledCell */ = {
			isa = PBXGroup;
			children = (
				0460120B27C6485E001612D4 /* PriceTextFieldViewModel.swift */,
				0460120D27C649A7001612D4 /* PriceTextFieldCell.swift */,
			);
			path = PriceTextFiledCell;
			sourceTree = "<group>";
		};
/* End PBXGroup section */

/* Begin PBXNativeTarget section */
		046011D527C63977001612D4 /* UsedGoodsUpload */ = {
			isa = PBXNativeTarget;
			buildConfigurationList = 046011EA27C63978001612D4 /* Build configuration list for PBXNativeTarget "UsedGoodsUpload" */;
			buildPhases = (
				046011D227C63977001612D4 /* Sources */,
				046011D327C63977001612D4 /* Frameworks */,
				046011D427C63977001612D4 /* Resources */,
			);
			buildRules = (
			);
			dependencies = (
			);
			name = UsedGoodsUpload;
			packageProductDependencies = (
				046011EE27C639E1001612D4 /* RxCocoa */,
				046011F027C639E1001612D4 /* RxRelay */,
				046011F227C639E1001612D4 /* RxSwift */,
				046011F527C63A39001612D4 /* SnapKit */,
			);
			productName = UsedGoodsUpload;
			productReference = 046011D627C63977001612D4 /* UsedGoodsUpload.app */;
			productType = "com.apple.product-type.application";
		};
/* End PBXNativeTarget section */

/* Begin PBXProject section */
		046011CE27C63977001612D4 /* Project object */ = {
			isa = PBXProject;
			attributes = {
				BuildIndependentTargetsInParallel = 1;
				LastSwiftUpdateCheck = 1320;
				LastUpgradeCheck = 1320;
				TargetAttributes = {
					046011D527C63977001612D4 = {
						CreatedOnToolsVersion = 13.2.1;
					};
				};
			};
			buildConfigurationList = 046011D127C63977001612D4 /* Build configuration list for PBXProject "UsedGoodsUpload" */;
			compatibilityVersion = "Xcode 13.0";
			developmentRegion = en;
			hasScannedForEncodings = 0;
			knownRegions = (
				en,
				Base,
			);
			mainGroup = 046011CD27C63977001612D4;
			packageReferences = (
				046011ED27C639E1001612D4 /* XCRemoteSwiftPackageReference "rxswift" */,
				046011F427C63A39001612D4 /* XCRemoteSwiftPackageReference "Snapkit" */,
			);
			productRefGroup = 046011D727C63977001612D4 /* Products */;
			projectDirPath = "";
			projectRoot = "";
			targets = (
				046011D527C63977001612D4 /* UsedGoodsUpload */,
			);
		};
/* End PBXProject section */

/* Begin PBXResourcesBuildPhase section */
		046011D427C63977001612D4 /* Resources */ = {
			isa = PBXResourcesBuildPhase;
			buildActionMask = 2147483647;
			files = (
				046011E627C63978001612D4 /* LaunchScreen.storyboard in Resources */,
				046011E327C63978001612D4 /* Assets.xcassets in Resources */,
			);
			runOnlyForDeploymentPostprocessing = 0;
		};
/* End PBXResourcesBuildPhase section */

/* Begin PBXSourcesBuildPhase section */
		046011D227C63977001612D4 /* Sources */ = {
			isa = PBXSourcesBuildPhase;
			buildActionMask = 2147483647;
			files = (
				0460120C27C6485E001612D4 /* PriceTextFieldViewModel.swift in Sources */,
				046011DA27C63977001612D4 /* AppDelegate.swift in Sources */,
				046011DC27C63977001612D4 /* SceneDelegate.swift in Sources */,
				0460120927C644E9001612D4 /* CategoryListViewController.swift in Sources */,
				046011F827C63A62001612D4 /* MainViewController.swift in Sources */,
				046011FF27C63E84001612D4 /* TitleTextFieldViewModel.swift in Sources */,
				0460120E27C649A7001612D4 /* PriceTextFieldCell.swift in Sources */,
				0460121227C64F9A001612D4 /* DetailWriteFormCellViewModel.swift in Sources */,
				0460120527C64245001612D4 /* CategoryViewModel.swift in Sources */,
				046011FD27C63E6F001612D4 /* TitleTextFieldCell.swift in Sources */,
				0460121627C65624001612D4 /* MainModel.swift in Sources */,
				046011FA27C63B8B001612D4 /* MainViewModel.swift in Sources */,
				0460121027C64F6B001612D4 /* DetailWriteFormCell.swift in Sources */,
				0460120227C6418F001612D4 /* Category.swift in Sources */,
			);
			runOnlyForDeploymentPostprocessing = 0;
		};
/* End PBXSourcesBuildPhase section */

/* Begin PBXVariantGroup section */
		046011E427C63978001612D4 /* LaunchScreen.storyboard */ = {
			isa = PBXVariantGroup;
			children = (
				046011E527C63978001612D4 /* Base */,
			);
			name = LaunchScreen.storyboard;
			sourceTree = "<group>";
		};
/* End PBXVariantGroup section */

/* Begin XCBuildConfiguration section */
		046011E827C63978001612D4 /* Debug */ = {
			isa = XCBuildConfiguration;
			buildSettings = {
				ALWAYS_SEARCH_USER_PATHS = NO;
				CLANG_ANALYZER_NONNULL = YES;
				CLANG_ANALYZER_NUMBER_OBJECT_CONVERSION = YES_AGGRESSIVE;
				CLANG_CXX_LANGUAGE_STANDARD = "gnu++17";
				CLANG_CXX_LIBRARY = "libc++";
				CLANG_ENABLE_MODULES = YES;
				CLANG_ENABLE_OBJC_ARC = YES;
				CLANG_ENABLE_OBJC_WEAK = YES;
				CLANG_WARN_BLOCK_CAPTURE_AUTORELEASING = YES;
				CLANG_WARN_BOOL_CONVERSION = YES;
				CLANG_WARN_COMMA = YES;
				CLANG_WARN_CONSTANT_CONVERSION = YES;
				CLANG_WARN_DEPRECATED_OBJC_IMPLEMENTATIONS = YES;
				CLANG_WARN_DIRECT_OBJC_ISA_USAGE = YES_ERROR;
				CLANG_WARN_DOCUMENTATION_COMMENTS = YES;
				CLANG_WARN_EMPTY_BODY = YES;
				CLANG_WARN_ENUM_CONVERSION = YES;
				CLANG_WARN_INFINITE_RECURSION = YES;
				CLANG_WARN_INT_CONVERSION = YES;
				CLANG_WARN_NON_LITERAL_NULL_CONVERSION = YES;
				CLANG_WARN_OBJC_IMPLICIT_RETAIN_SELF = YES;
				CLANG_WARN_OBJC_LITERAL_CONVERSION = YES;
				CLANG_WARN_OBJC_ROOT_CLASS = YES_ERROR;
				CLANG_WARN_QUOTED_INCLUDE_IN_FRAMEWORK_HEADER = YES;
				CLANG_WARN_RANGE_LOOP_ANALYSIS = YES;
				CLANG_WARN_STRICT_PROTOTYPES = YES;
				CLANG_WARN_SUSPICIOUS_MOVE = YES;
				CLANG_WARN_UNGUARDED_AVAILABILITY = YES_AGGRESSIVE;
				CLANG_WARN_UNREACHABLE_CODE = YES;
				CLANG_WARN__DUPLICATE_METHOD_MATCH = YES;
				COPY_PHASE_STRIP = NO;
				DEBUG_INFORMATION_FORMAT = dwarf;
				ENABLE_STRICT_OBJC_MSGSEND = YES;
				ENABLE_TESTABILITY = YES;
				GCC_C_LANGUAGE_STANDARD = gnu11;
				GCC_DYNAMIC_NO_PIC = NO;
				GCC_NO_COMMON_BLOCKS = YES;
				GCC_OPTIMIZATION_LEVEL = 0;
				GCC_PREPROCESSOR_DEFINITIONS = (
					"DEBUG=1",
					"$(inherited)",
				);
				GCC_WARN_64_TO_32_BIT_CONVERSION = YES;
				GCC_WARN_ABOUT_RETURN_TYPE = YES_ERROR;
				GCC_WARN_UNDECLARED_SELECTOR = YES;
				GCC_WARN_UNINITIALIZED_AUTOS = YES_AGGRESSIVE;
				GCC_WARN_UNUSED_FUNCTION = YES;
				GCC_WARN_UNUSED_VARIABLE = YES;
				IPHONEOS_DEPLOYMENT_TARGET = 15.2;
				MTL_ENABLE_DEBUG_INFO = INCLUDE_SOURCE;
				MTL_FAST_MATH = YES;
				ONLY_ACTIVE_ARCH = YES;
				SDKROOT = iphoneos;
				SWIFT_ACTIVE_COMPILATION_CONDITIONS = DEBUG;
				SWIFT_OPTIMIZATION_LEVEL = "-Onone";
			};
			name = Debug;
		};
		046011E927C63978001612D4 /* Release */ = {
			isa = XCBuildConfiguration;
			buildSettings = {
				ALWAYS_SEARCH_USER_PATHS = NO;
				CLANG_ANALYZER_NONNULL = YES;
				CLANG_ANALYZER_NUMBER_OBJECT_CONVERSION = YES_AGGRESSIVE;
				CLANG_CXX_LANGUAGE_STANDARD = "gnu++17";
				CLANG_CXX_LIBRARY = "libc++";
				CLANG_ENABLE_MODULES = YES;
				CLANG_ENABLE_OBJC_ARC = YES;
				CLANG_ENABLE_OBJC_WEAK = YES;
				CLANG_WARN_BLOCK_CAPTURE_AUTORELEASING = YES;
				CLANG_WARN_BOOL_CONVERSION = YES;
				CLANG_WARN_COMMA = YES;
				CLANG_WARN_CONSTANT_CONVERSION = YES;
				CLANG_WARN_DEPRECATED_OBJC_IMPLEMENTATIONS = YES;
				CLANG_WARN_DIRECT_OBJC_ISA_USAGE = YES_ERROR;
				CLANG_WARN_DOCUMENTATION_COMMENTS = YES;
				CLANG_WARN_EMPTY_BODY = YES;
				CLANG_WARN_ENUM_CONVERSION = YES;
				CLANG_WARN_INFINITE_RECURSION = YES;
				CLANG_WARN_INT_CONVERSION = YES;
				CLANG_WARN_NON_LITERAL_NULL_CONVERSION = YES;
				CLANG_WARN_OBJC_IMPLICIT_RETAIN_SELF = YES;
				CLANG_WARN_OBJC_LITERAL_CONVERSION = YES;
				CLANG_WARN_OBJC_ROOT_CLASS = YES_ERROR;
				CLANG_WARN_QUOTED_INCLUDE_IN_FRAMEWORK_HEADER = YES;
				CLANG_WARN_RANGE_LOOP_ANALYSIS = YES;
				CLANG_WARN_STRICT_PROTOTYPES = YES;
				CLANG_WARN_SUSPICIOUS_MOVE = YES;
				CLANG_WARN_UNGUARDED_AVAILABILITY = YES_AGGRESSIVE;
				CLANG_WARN_UNREACHABLE_CODE = YES;
				CLANG_WARN__DUPLICATE_METHOD_MATCH = YES;
				COPY_PHASE_STRIP = NO;
				DEBUG_INFORMATION_FORMAT = "dwarf-with-dsym";
				ENABLE_NS_ASSERTIONS = NO;
				ENABLE_STRICT_OBJC_MSGSEND = YES;
				GCC_C_LANGUAGE_STANDARD = gnu11;
				GCC_NO_COMMON_BLOCKS = YES;
				GCC_WARN_64_TO_32_BIT_CONVERSION = YES;
				GCC_WARN_ABOUT_RETURN_TYPE = YES_ERROR;
				GCC_WARN_UNDECLARED_SELECTOR = YES;
				GCC_WARN_UNINITIALIZED_AUTOS = YES_AGGRESSIVE;
				GCC_WARN_UNUSED_FUNCTION = YES;
				GCC_WARN_UNUSED_VARIABLE = YES;
				IPHONEOS_DEPLOYMENT_TARGET = 15.2;
				MTL_ENABLE_DEBUG_INFO = NO;
				MTL_FAST_MATH = YES;
				SDKROOT = iphoneos;
				SWIFT_COMPILATION_MODE = wholemodule;
				SWIFT_OPTIMIZATION_LEVEL = "-O";
				VALIDATE_PRODUCT = YES;
			};
			name = Release;
		};
		046011EB27C63978001612D4 /* Debug */ = {
			isa = XCBuildConfiguration;
			buildSettings = {
				ASSETCATALOG_COMPILER_APPICON_NAME = AppIcon;
				ASSETCATALOG_COMPILER_GLOBAL_ACCENT_COLOR_NAME = AccentColor;
				CODE_SIGN_STYLE = Automatic;
				CURRENT_PROJECT_VERSION = 1;
				DEVELOPMENT_TEAM = BAT7Y9H9TP;
				GENERATE_INFOPLIST_FILE = YES;
				INFOPLIST_FILE = UsedGoodsUpload/Info.plist;
				INFOPLIST_KEY_UIApplicationSupportsIndirectInputEvents = YES;
				INFOPLIST_KEY_UILaunchStoryboardName = LaunchScreen;
				INFOPLIST_KEY_UISupportedInterfaceOrientations_iPad = "UIInterfaceOrientationPortrait UIInterfaceOrientationPortraitUpsideDown UIInterfaceOrientationLandscapeLeft UIInterfaceOrientationLandscapeRight";
				INFOPLIST_KEY_UISupportedInterfaceOrientations_iPhone = "UIInterfaceOrientationPortrait UIInterfaceOrientationLandscapeLeft UIInterfaceOrientationLandscapeRight";
				LD_RUNPATH_SEARCH_PATHS = (
					"$(inherited)",
					"@executable_path/Frameworks",
				);
				MARKETING_VERSION = 1.0;
				PRODUCT_BUNDLE_IDENTIFIER = kr.ac.kpu.UsedGoodsUpload;
				PRODUCT_NAME = "$(TARGET_NAME)";
				SWIFT_EMIT_LOC_STRINGS = YES;
				SWIFT_VERSION = 5.0;
				TARGETED_DEVICE_FAMILY = "1,2";
			};
			name = Debug;
		};
		046011EC27C63978001612D4 /* Release */ = {
			isa = XCBuildConfiguration;
			buildSettings = {
				ASSETCATALOG_COMPILER_APPICON_NAME = AppIcon;
				ASSETCATALOG_COMPILER_GLOBAL_ACCENT_COLOR_NAME = AccentColor;
				CODE_SIGN_STYLE = Automatic;
				CURRENT_PROJECT_VERSION = 1;
				DEVELOPMENT_TEAM = BAT7Y9H9TP;
				GENERATE_INFOPLIST_FILE = YES;
				INFOPLIST_FILE = UsedGoodsUpload/Info.plist;
				INFOPLIST_KEY_UIApplicationSupportsIndirectInputEvents = YES;
				INFOPLIST_KEY_UILaunchStoryboardName = LaunchScreen;
				INFOPLIST_KEY_UISupportedInterfaceOrientations_iPad = "UIInterfaceOrientationPortrait UIInterfaceOrientationPortraitUpsideDown UIInterfaceOrientationLandscapeLeft UIInterfaceOrientationLandscapeRight";
				INFOPLIST_KEY_UISupportedInterfaceOrientations_iPhone = "UIInterfaceOrientationPortrait UIInterfaceOrientationLandscapeLeft UIInterfaceOrientationLandscapeRight";
				LD_RUNPATH_SEARCH_PATHS = (
					"$(inherited)",
					"@executable_path/Frameworks",
				);
				MARKETING_VERSION = 1.0;
				PRODUCT_BUNDLE_IDENTIFIER = kr.ac.kpu.UsedGoodsUpload;
				PRODUCT_NAME = "$(TARGET_NAME)";
				SWIFT_EMIT_LOC_STRINGS = YES;
				SWIFT_VERSION = 5.0;
				TARGETED_DEVICE_FAMILY = "1,2";
			};
			name = Release;
		};
/* End XCBuildConfiguration section */

/* Begin XCConfigurationList section */
		046011D127C63977001612D4 /* Build configuration list for PBXProject "UsedGoodsUpload" */ = {
			isa = XCConfigurationList;
			buildConfigurations = (
				046011E827C63978001612D4 /* Debug */,
				046011E927C63978001612D4 /* Release */,
			);
			defaultConfigurationIsVisible = 0;
			defaultConfigurationName = Release;
		};
		046011EA27C63978001612D4 /* Build configuration list for PBXNativeTarget "UsedGoodsUpload" */ = {
			isa = XCConfigurationList;
			buildConfigurations = (
				046011EB27C63978001612D4 /* Debug */,
				046011EC27C63978001612D4 /* Release */,
			);
			defaultConfigurationIsVisible = 0;
			defaultConfigurationName = Release;
		};
/* End XCConfigurationList section */

/* Begin XCRemoteSwiftPackageReference section */
		046011ED27C639E1001612D4 /* XCRemoteSwiftPackageReference "rxswift" */ = {
			isa = XCRemoteSwiftPackageReference;
			repositoryURL = "https://github.com/reactivex/rxswift.git";
			requirement = {
				kind = upToNextMajorVersion;
				minimumVersion = 6.0.0;
			};
		};
		046011F427C63A39001612D4 /* XCRemoteSwiftPackageReference "Snapkit" */ = {
			isa = XCRemoteSwiftPackageReference;
			repositoryURL = "https://github.com/SnapKit/Snapkit.git";
			requirement = {
				kind = upToNextMajorVersion;
				minimumVersion = 5.0.0;
			};
		};
/* End XCRemoteSwiftPackageReference section */

/* Begin XCSwiftPackageProductDependency section */
		046011EE27C639E1001612D4 /* RxCocoa */ = {
			isa = XCSwiftPackageProductDependency;
			package = 046011ED27C639E1001612D4 /* XCRemoteSwiftPackageReference "rxswift" */;
			productName = RxCocoa;
		};
		046011F027C639E1001612D4 /* RxRelay */ = {
			isa = XCSwiftPackageProductDependency;
			package = 046011ED27C639E1001612D4 /* XCRemoteSwiftPackageReference "rxswift" */;
			productName = RxRelay;
		};
		046011F227C639E1001612D4 /* RxSwift */ = {
			isa = XCSwiftPackageProductDependency;
			package = 046011ED27C639E1001612D4 /* XCRemoteSwiftPackageReference "rxswift" */;
			productName = RxSwift;
		};
		046011F527C63A39001612D4 /* SnapKit */ = {
			isa = XCSwiftPackageProductDependency;
			package = 046011F427C63A39001612D4 /* XCRemoteSwiftPackageReference "Snapkit" */;
			productName = SnapKit;
		};
/* End XCSwiftPackageProductDependency section */
	};
	rootObject = 046011CE27C63977001612D4 /* Project object */;
}
